{
  "name": "passgen-gb",
  "version": "1.0.0",
  "lockfileVersion": 3,
  "requires": true,
  "packages": {
    "": {
      "name": "passgen-gb",
      "version": "1.0.0",
      "license": "ISC",
      "dependencies": {
        "passgen-gb": "^1.0.0"
      }
    },
    "node_modules/passgen-gb": {
      "version": "1.0.0",
      "resolved": "https://registry.npmjs.org/passgen-gb/-/passgen-gb-1.0.0.tgz",
      "integrity": "sha512-q4C1AyKOhL3rSpnbEAm5Xf1RUay1igMrsgHUyDIpekuznbS3XUKM8dIgVXeMHepli0alETsitBeCQ4NNp2IMGA=="
    }
  }
}
